
Microsoft Visual Studio Solution File, Format Version 12.00
# Visual Studio Version 16
VisualStudioVersion = 16.0.31829.152
MinimumVisualStudioVersion = 10.0.40219.1
Project("{FAE04EC0-301F-11D3-BF4B-00C04F79EFBC}") = "GladiatorBeastGuide", "GladiatorBeastGuide.csproj", "{2A6C00D9-B69A-4513-9EB2-F174F526A3AA}"
EndProject
Global
	GlobalSection(SolutionConfigurationPlatforms) = preSolution
		Debug|Any CPU = Debug|Any CPU
		Release|Any CPU = Release|Any CPU
	EndGlobalSection
	GlobalSection(ProjectConfigurationPlatforms) = postSolution
		{2A6C00D9-B69A-4513-9EB2-F174F526A3AA}.Debug|Any CPU.ActiveCfg = Debug|Any CPU
		{2A6C00D9-B69A-4513-9EB2-F174F526A3AA}.Debug|Any CPU.Build.0 = Debug|Any CPU
		{2A6C00D9-B69A-4513-9EB2-F174F526A3AA}.Release|Any CPU.ActiveCfg = Release|Any CPU
		{2A6C00D9-B69A-4513-9EB2-F174F526A3AA}.Release|Any CPU.Build.0 = Release|Any CPU
	EndGlobalSection
	GlobalSection(SolutionProperties) = preSolution
		HideSolutionNode = FALSE
	EndGlobalSection
	GlobalSection(ExtensibilityGlobals) = postSolution
		SolutionGuid = {F9251947-BE4C-42FF-AB93-85B9EEFD0B6E}
	EndGlobalSection
EndGlobal
